
Microsoft Visual Studio Solution File, Format Version 12.00
# Visual Studio Version 16
VisualStudioVersion = 25.0.1706.0
MinimumVisualStudioVersion = 10.0.40219.1
Project("{FAE04EC0-301F-11D3-BF4B-00C04F79EFBC}") = "tecno-shop-api", "tecno-shop-api.csproj", "{7A984D08-E1C4-4253-A449-7A76EE6974C1}"
EndProject
Global
	GlobalSection(SolutionConfigurationPlatforms) = preSolution
		Debug|Any CPU = Debug|Any CPU
		Release|Any CPU = Release|Any CPU
	EndGlobalSection
	GlobalSection(ProjectConfigurationPlatforms) = postSolution
		{7A984D08-E1C4-4253-A449-7A76EE6974C1}.Debug|Any CPU.ActiveCfg = Debug|Any CPU
		{7A984D08-E1C4-4253-A449-7A76EE6974C1}.Debug|Any CPU.Build.0 = Debug|Any CPU
		{7A984D08-E1C4-4253-A449-7A76EE6974C1}.Release|Any CPU.ActiveCfg = Release|Any CPU
		{7A984D08-E1C4-4253-A449-7A76EE6974C1}.Release|Any CPU.Build.0 = Release|Any CPU
	EndGlobalSection
	GlobalSection(SolutionProperties) = preSolution
		HideSolutionNode = FALSE
	EndGlobalSection
	GlobalSection(ExtensibilityGlobals) = postSolution
		SolutionGuid = {584F3051-405D-47BA-9491-0274651374B6}
	EndGlobalSection
EndGlobal
